
Microsoft Visual Studio Solution File, Format Version 12.00
Project("{FAE04EC0-301F-11D3-BF4B-00C04F79EFBC}") = "XlsFilterService", "XlsFilterService\XlsFilterService.csproj", "{858C3074-E44A-45A9-B47C-048531FAE69F}"
EndProject
Global
	GlobalSection(SolutionConfigurationPlatforms) = preSolution
		Debug|Any CPU = Debug|Any CPU
		Release|Any CPU = Release|Any CPU
	EndGlobalSection
	GlobalSection(ProjectConfigurationPlatforms) = postSolution
		{858C3074-E44A-45A9-B47C-048531FAE69F}.Debug|Any CPU.ActiveCfg = Debug|Any CPU
		{858C3074-E44A-45A9-B47C-048531FAE69F}.Debug|Any CPU.Build.0 = Debug|Any CPU
		{858C3074-E44A-45A9-B47C-048531FAE69F}.Release|Any CPU.ActiveCfg = Release|Any CPU
		{858C3074-E44A-45A9-B47C-048531FAE69F}.Release|Any CPU.Build.0 = Release|Any CPU
	EndGlobalSection
EndGlobal
